{
  "name": "solidity-visual-auditor",
  "version": "0.2.0-dev2",
  "lockfileVersion": 2,
  "requires": true,
  "packages": {
    "": {
      "name": "solidity-visual-auditor",
      "version": "0.2.0-dev2",
      "dependencies": {
        "solidity-workspace": "^0.2.1",
        "surya": "^0.4.6"
      },
      "devDependencies": {
        "prettier": "^3.0.3"
      },
      "engines": {
        "vscode": "^1.26.2"
      }
    },
    "../solidity-workspace": {
      "version": "0.1.8",
      "extraneous": true,
      "license": "MIT",
      "dependencies": {
        "@solidity-parser/parser": "^0.14.3",
        "c3-linearization": "^0.3.0",
        "keccak": "^3.0.2",
        "yargs": "^17.5.1"
      },
      "bin": {
        "solidity-workspace": "src/cli.js"
      }
    },
    "node_modules/@solidity-parser/parser": {
      "version": "0.14.3",
      "license": "MIT",
      "dependencies": {
        "antlr4ts": "^0.5.0-alpha.4"
      }
    },
    "node_modules/ansi-regex": {
      "version": "5.0.1",
      "resolved": "https://registry.npmjs.org/ansi-regex/-/ansi-regex-5.0.1.tgz",
      "integrity": "sha512-quJQXlTSUGL2LH9SUXo8VwsY4soanhgo6LNSm84E1LBcE8s3O0wpdiRzyR9z/ZZJMlMWv37qOOb9pdJlMUEKFQ==",
      "engines": {
        "node": ">=8"
      }
    },
    "node_modules/ansi-styles": {
      "version": "4.3.0",
      "resolved": "https://registry.npmjs.org/ansi-styles/-/ansi-styles-4.3.0.tgz",
      "integrity": "sha512-zbB9rCJAT1rbjiVDb2hqKFHNYLxgtk8NURxZ3IZwD3F6NtxbXZQCnnSi1Lkx+IDohdPlFp222wVALIheZJQSEg==",
      "dependencies": {
        "color-convert": "^2.0.1"
      },
      "engines": {
        "node": ">=8"
      },
      "funding": {
        "url": "https://github.com/chalk/ansi-styles?sponsor=1"
      }
    },
    "node_modules/antlr4ts": {
      "version": "0.5.0-alpha.4",
      "license": "BSD-3-Clause"
    },
    "node_modules/c3-linearization": {
      "version": "0.3.0",
      "license": "MIT"
    },
    "node_modules/camelcase": {
      "version": "4.1.0",
      "license": "MIT",
      "engines": {
        "node": ">=4"
      }
    },
    "node_modules/cliui": {
      "version": "8.0.1",
      "resolved": "https://registry.npmjs.org/cliui/-/cliui-8.0.1.tgz",
      "integrity": "sha512-BSeNnyus75C4//NQ9gQt1/csTXyo/8Sb+afLAkzAptFuMsod9HFokGNudZpi/oQV73hnVK+sR+5PVRMd+Dr7YQ==",
      "dependencies": {
        "string-width": "^4.2.0",
        "strip-ansi": "^6.0.1",
        "wrap-ansi": "^7.0.0"
      },
      "engines": {
        "node": ">=12"
      }
    },
    "node_modules/code-point-at": {
      "version": "1.1.0",
      "license": "MIT",
      "engines": {
        "node": ">=0.10.0"
      }
    },
    "node_modules/color-convert": {
      "version": "2.0.1",
      "resolved": "https://registry.npmjs.org/color-convert/-/color-convert-2.0.1.tgz",
      "integrity": "sha512-RRECPsj7iu/xb5oKYcsFHSppFNnsj/52OVTRKb4zP5onXwVF3zVmmToNcOfGC+CRDpfK/U584fMg38ZHCaElKQ==",
      "dependencies": {
        "color-name": "~1.1.4"
      },
      "engines": {
        "node": ">=7.0.0"
      }
    },
    "node_modules/color-name": {
      "version": "1.1.4",
      "resolved": "https://registry.npmjs.org/color-name/-/color-name-1.1.4.tgz",
      "integrity": "sha512-dOy+3AuW3a2wNbZHIuMZpTcgjGuLU/uBL/ubcZF9OXbDo8ff4O8yVp5Bf0efS8uEoYo5q4Fx7dY9OgQGXgAsQA=="
    },
    "node_modules/colors": {
      "version": "1.4.0",
      "license": "MIT",
      "engines": {
        "node": ">=0.1.90"
      }
    },
    "node_modules/cross-spawn": {
      "version": "6.0.5",
      "license": "MIT",
      "dependencies": {
        "nice-try": "^1.0.4",
        "path-key": "^2.0.1",
        "semver": "^5.5.0",
        "shebang-command": "^1.2.0",
        "which": "^1.2.9"
      },
      "engines": {
        "node": ">=4.8"
      }
    },
    "node_modules/decamelize": {
      "version": "1.2.0",
      "license": "MIT",
      "engines": {
        "node": ">=0.10.0"
      }
    },
    "node_modules/emoji-regex": {
      "version": "8.0.0",
      "resolved": "https://registry.npmjs.org/emoji-regex/-/emoji-regex-8.0.0.tgz",
      "integrity": "sha512-MSjYzcWNOA0ewAHpz0MxpYFvwg6yjy1NG3xteoqz644VCo/RPgnr1/GGt+ic3iJTzQ8Eu3TdM14SawnVUmGE6A=="
    },
    "node_modules/end-of-stream": {
      "version": "1.4.4",
      "license": "MIT",
      "dependencies": {
        "once": "^1.4.0"
      }
    },
    "node_modules/escalade": {
      "version": "3.1.1",
      "resolved": "https://registry.npmjs.org/escalade/-/escalade-3.1.1.tgz",
      "integrity": "sha512-k0er2gUkLf8O0zKJiAhmkTnJlTvINGv7ygDNPbeIsX/TJjGJZHuh9B2UxbsaEkmlEo9MfhrSzmhIlhRlI2GXnw==",
      "engines": {
        "node": ">=6"
      }
    },
    "node_modules/execa": {
      "version": "1.0.0",
      "license": "MIT",
      "dependencies": {
        "cross-spawn": "^6.0.0",
        "get-stream": "^4.0.0",
        "is-stream": "^1.1.0",
        "npm-run-path": "^2.0.0",
        "p-finally": "^1.0.0",
        "signal-exit": "^3.0.0",
        "strip-eof": "^1.0.0"
      },
      "engines": {
        "node": ">=6"
      }
    },
    "node_modules/find-up": {
      "version": "2.1.0",
      "license": "MIT",
      "dependencies": {
        "locate-path": "^2.0.0"
      },
      "engines": {
        "node": ">=4"
      }
    },
    "node_modules/get-caller-file": {
      "version": "2.0.5",
      "resolved": "https://registry.npmjs.org/get-caller-file/-/get-caller-file-2.0.5.tgz",
      "integrity": "sha512-DyFP3BM/3YHTQOCUL/w0OZHR0lpKeGrxotcHWcqNEdnltqFwXVfhEBQ94eIo34AfQpo0rGki4cyIiftY06h2Fg==",
      "engines": {
        "node": "6.* || 8.* || >= 10.*"
      }
    },
    "node_modules/get-stream": {
      "version": "4.1.0",
      "license": "MIT",
      "dependencies": {
        "pump": "^3.0.0"
      },
      "engines": {
        "node": ">=6"
      }
    },
    "node_modules/graphviz": {
      "version": "0.0.9",
      "license": "GPL-3.0",
      "dependencies": {
        "temp": "~0.4.0"
      },
      "engines": {
        "node": ">=0.6.8"
      }
    },
    "node_modules/inherits": {
      "version": "2.0.4",
      "resolved": "https://registry.npmjs.org/inherits/-/inherits-2.0.4.tgz",
      "integrity": "sha512-k/vGaX4/Yla3WzyMCvTQOXYeIHvqOKtnqBduzTHpzpQZzAskKMhZ2K+EnBiSM9zGSoIFeMpXKxa4dYeZIQqewQ=="
    },
    "node_modules/invert-kv": {
      "version": "2.0.0",
      "license": "MIT",
      "engines": {
        "node": ">=4"
      }
    },
    "node_modules/is-fullwidth-code-point": {
      "version": "3.0.0",
      "resolved": "https://registry.npmjs.org/is-fullwidth-code-point/-/is-fullwidth-code-point-3.0.0.tgz",
      "integrity": "sha512-zymm5+u+sCsSWyD9qNaejV3DFvhCKclKdizYaJUuHA83RLjb7nSuGnddCHGv0hk+KY7BMAlsWeK4Ueg6EV6XQg==",
      "engines": {
        "node": ">=8"
      }
    },
    "node_modules/is-stream": {
      "version": "1.1.0",
      "license": "MIT",
      "engines": {
        "node": ">=0.10.0"
      }
    },
    "node_modules/isexe": {
      "version": "2.0.0",
      "license": "ISC"
    },
    "node_modules/keccak": {
      "version": "3.0.4",
      "resolved": "https://registry.npmjs.org/keccak/-/keccak-3.0.4.tgz",
      "integrity": "sha512-3vKuW0jV8J3XNTzvfyicFR5qvxrSAGl7KIhvgOu5cmWwM7tZRj3fMbj/pfIf4be7aznbc+prBWGjywox/g2Y6Q==",
      "hasInstallScript": true,
      "dependencies": {
        "node-addon-api": "^2.0.0",
        "node-gyp-build": "^4.2.0",
        "readable-stream": "^3.6.0"
      },
      "engines": {
        "node": ">=10.0.0"
      }
    },
    "node_modules/lcid": {
      "version": "2.0.0",
      "license": "MIT",
      "dependencies": {
        "invert-kv": "^2.0.0"
      },
      "engines": {
        "node": ">=6"
      }
    },
    "node_modules/locate-path": {
      "version": "2.0.0",
      "license": "MIT",
      "dependencies": {
        "p-locate": "^2.0.0",
        "path-exists": "^3.0.0"
      },
      "engines": {
        "node": ">=4"
      }
    },
    "node_modules/map-age-cleaner": {
      "version": "0.1.3",
      "license": "MIT",
      "dependencies": {
        "p-defer": "^1.0.0"
      },
      "engines": {
        "node": ">=6"
      }
    },
    "node_modules/mem": {
      "version": "4.3.0",
      "license": "MIT",
      "dependencies": {
        "map-age-cleaner": "^0.1.1",
        "mimic-fn": "^2.0.0",
        "p-is-promise": "^2.0.0"
      },
      "engines": {
        "node": ">=6"
      }
    },
    "node_modules/mimic-fn": {
      "version": "2.1.0",
      "license": "MIT",
      "engines": {
        "node": ">=6"
      }
    },
    "node_modules/nice-try": {
      "version": "1.0.5",
      "license": "MIT"
    },
    "node_modules/node-addon-api": {
      "version": "2.0.2",
      "resolved": "https://registry.npmjs.org/node-addon-api/-/node-addon-api-2.0.2.tgz",
      "integrity": "sha512-Ntyt4AIXyaLIuMHF6IOoTakB3K+RWxwtsHNRxllEoA6vPwP9o4866g6YWDLUdnucilZhmkxiHwHr11gAENw+QA=="
    },
    "node_modules/node-gyp-build": {
      "version": "4.6.1",
      "resolved": "https://registry.npmjs.org/node-gyp-build/-/node-gyp-build-4.6.1.tgz",
      "integrity": "sha512-24vnklJmyRS8ViBNI8KbtK/r/DmXQMRiOMXTNz2nrTnAYUwjmEEbnnpB/+kt+yWRv73bPsSPRFddrcIbAxSiMQ==",
      "bin": {
        "node-gyp-build": "bin.js",
        "node-gyp-build-optional": "optional.js",
        "node-gyp-build-test": "build-test.js"
      }
    },
    "node_modules/npm-run-path": {
      "version": "2.0.2",
      "license": "MIT",
      "dependencies": {
        "path-key": "^2.0.0"
      },
      "engines": {
        "node": ">=4"
      }
    },
    "node_modules/number-is-nan": {
      "version": "1.0.1",
      "license": "MIT",
      "engines": {
        "node": ">=0.10.0"
      }
    },
    "node_modules/once": {
      "version": "1.4.0",
      "license": "ISC",
      "dependencies": {
        "wrappy": "1"
      }
    },
    "node_modules/os-locale": {
      "version": "3.1.0",
      "license": "MIT",
      "dependencies": {
        "execa": "^1.0.0",
        "lcid": "^2.0.0",
        "mem": "^4.0.0"
      },
      "engines": {
        "node": ">=6"
      }
    },
    "node_modules/p-defer": {
      "version": "1.0.0",
      "license": "MIT",
      "engines": {
        "node": ">=4"
      }
    },
    "node_modules/p-finally": {
      "version": "1.0.0",
      "license": "MIT",
      "engines": {
        "node": ">=4"
      }
    },
    "node_modules/p-is-promise": {
      "version": "2.1.0",
      "license": "MIT",
      "engines": {
        "node": ">=6"
      }
    },
    "node_modules/p-limit": {
      "version": "1.3.0",
      "license": "MIT",
      "dependencies": {
        "p-try": "^1.0.0"
      },
      "engines": {
        "node": ">=4"
      }
    },
    "node_modules/p-locate": {
      "version": "2.0.0",
      "license": "MIT",
      "dependencies": {
        "p-limit": "^1.1.0"
      },
      "engines": {
        "node": ">=4"
      }
    },
    "node_modules/p-try": {
      "version": "1.0.0",
      "license": "MIT",
      "engines": {
        "node": ">=4"
      }
    },
    "node_modules/path-exists": {
      "version": "3.0.0",
      "license": "MIT",
      "engines": {
        "node": ">=4"
      }
    },
    "node_modules/path-key": {
      "version": "2.0.1",
      "license": "MIT",
      "engines": {
        "node": ">=4"
      }
    },
    "node_modules/prettier": {
      "version": "3.0.3",
      "resolved": "https://registry.npmjs.org/prettier/-/prettier-3.0.3.tgz",
      "integrity": "sha512-L/4pUDMxcNa8R/EthV08Zt42WBO4h1rarVtK0K+QJG0X187OLo7l699jWw0GKuwzkPQ//jMFA/8Xm6Fh3J/DAg==",
      "dev": true,
      "bin": {
        "prettier": "bin/prettier.cjs"
      },
      "engines": {
        "node": ">=14"
      },
      "funding": {
        "url": "https://github.com/prettier/prettier?sponsor=1"
      }
    },
    "node_modules/pump": {
      "version": "3.0.0",
      "license": "MIT",
      "dependencies": {
        "end-of-stream": "^1.1.0",
        "once": "^1.3.1"
      }
    },
    "node_modules/readable-stream": {
      "version": "3.6.2",
      "resolved": "https://registry.npmjs.org/readable-stream/-/readable-stream-3.6.2.tgz",
      "integrity": "sha512-9u/sniCrY3D5WdsERHzHE4G2YCXqoG5FTHUiCC4SIbr6XcLZBY05ya9EKjYek9O5xOAwjGq+1JdGBAS7Q9ScoA==",
      "dependencies": {
        "inherits": "^2.0.3",
        "string_decoder": "^1.1.1",
        "util-deprecate": "^1.0.1"
      },
      "engines": {
        "node": ">= 6"
      }
    },
    "node_modules/require-directory": {
      "version": "2.1.1",
      "license": "MIT",
      "engines": {
        "node": ">=0.10.0"
      }
    },
    "node_modules/require-main-filename": {
      "version": "1.0.1",
      "license": "ISC"
    },
    "node_modules/safe-buffer": {
      "version": "5.2.1",
      "resolved": "https://registry.npmjs.org/safe-buffer/-/safe-buffer-5.2.1.tgz",
      "integrity": "sha512-rp3So07KcdmmKbGvgaNxQSJr7bGVSVk5S9Eq1F+ppbRo70+YeaDxkw5Dd8NPN+GD6bjnYm2VuPuCXmpuYvmCXQ==",
      "funding": [
        {
          "type": "github",
          "url": "https://github.com/sponsors/feross"
        },
        {
          "type": "patreon",
          "url": "https://www.patreon.com/feross"
        },
        {
          "type": "consulting",
          "url": "https://feross.org/support"
        }
      ]
    },
    "node_modules/semver": {
      "version": "5.7.1",
      "license": "ISC",
      "bin": {
        "semver": "bin/semver"
      }
    },
    "node_modules/set-blocking": {
      "version": "2.0.0",
      "license": "ISC"
    },
    "node_modules/sha1-file": {
      "version": "1.0.4",
      "license": "MIT"
    },
    "node_modules/shebang-command": {
      "version": "1.2.0",
      "license": "MIT",
      "dependencies": {
        "shebang-regex": "^1.0.0"
      },
      "engines": {
        "node": ">=0.10.0"
      }
    },
    "node_modules/shebang-regex": {
      "version": "1.0.0",
      "license": "MIT",
      "engines": {
        "node": ">=0.10.0"
      }
    },
    "node_modules/signal-exit": {
      "version": "3.0.7",
      "license": "ISC"
    },
    "node_modules/solidity-workspace": {
      "version": "0.2.1",
      "resolved": "https://registry.npmjs.org/solidity-workspace/-/solidity-workspace-0.2.1.tgz",
      "integrity": "sha512-SyyrdRAcfbSNvNu9Ge8LTTuzIoIvXRELGEssiACzEV97WKY6CaFR1jB/VUa+gDj53tYQOg4+Zdy2WoV7ozEtSA==",
      "dependencies": {
        "@solidity-parser/parser": "^0.16.1",
        "c3-linearization": "^0.3.0",
        "keccak": "^3.0.2",
        "yargs": "^17.5.1"
      },
      "bin": {
        "solidity-workspace": "src/cli.js"
      }
    },
    "node_modules/solidity-workspace/node_modules/@solidity-parser/parser": {
      "version": "0.16.1",
      "resolved": "https://registry.npmjs.org/@solidity-parser/parser/-/parser-0.16.1.tgz",
      "integrity": "sha512-PdhRFNhbTtu3x8Axm0uYpqOy/lODYQK+MlYSgqIsq2L8SFYEHJPHNUiOTAJbDGzNjjr1/n9AcIayxafR/fWmYw==",
      "dependencies": {
        "antlr4ts": "^0.5.0-alpha.4"
      }
    },
    "node_modules/string_decoder": {
      "version": "1.3.0",
      "resolved": "https://registry.npmjs.org/string_decoder/-/string_decoder-1.3.0.tgz",
      "integrity": "sha512-hkRX8U1WjJFd8LsDJ2yQ/wWWxaopEsABU1XfkM8A+j0+85JAGppt16cr1Whg6KIbb4okU6Mql6BOj+uup/wKeA==",
      "dependencies": {
        "safe-buffer": "~5.2.0"
      }
    },
    "node_modules/string-width": {
      "version": "4.2.3",
      "resolved": "https://registry.npmjs.org/string-width/-/string-width-4.2.3.tgz",
      "integrity": "sha512-wKyQRQpjJ0sIp62ErSZdGsjMJWsap5oRNihHhu6G7JVO/9jIB6UyevL+tXuOqrng8j/cxKTWyWUwvSTriiZz/g==",
      "dependencies": {
        "emoji-regex": "^8.0.0",
        "is-fullwidth-code-point": "^3.0.0",
        "strip-ansi": "^6.0.1"
      },
      "engines": {
        "node": ">=8"
      }
    },
    "node_modules/strip-ansi": {
      "version": "6.0.1",
      "resolved": "https://registry.npmjs.org/strip-ansi/-/strip-ansi-6.0.1.tgz",
      "integrity": "sha512-Y38VPSHcqkFrCpFnQ9vuSXmquuv5oXOKpGeT6aGrr3o3Gc9AlVa6JBfUSOCnbxGGZF+/0ooI7KrPuUSztUdU5A==",
      "dependencies": {
        "ansi-regex": "^5.0.1"
      },
      "engines": {
        "node": ">=8"
      }
    },
    "node_modules/strip-eof": {
      "version": "1.0.0",
      "license": "MIT",
      "engines": {
        "node": ">=0.10.0"
      }
    },
    "node_modules/surya": {
      "version": "0.4.6",
      "license": "Apache-2.0",
      "dependencies": {
        "@solidity-parser/parser": "^0.14.1",
        "c3-linearization": "^0.3.0",
        "colors": "^1.4.0",
        "graphviz": "0.0.9",
        "sha1-file": "^1.0.4",
        "treeify": "^1.1.0",
        "yargs": "^11.1.1"
      },
      "bin": {
        "surya": "bin/surya"
      }
    },
    "node_modules/surya/node_modules/ansi-regex": {
      "version": "3.0.1",
      "license": "MIT",
      "engines": {
        "node": ">=4"
      }
    },
    "node_modules/surya/node_modules/cliui": {
      "version": "4.1.0",
      "license": "ISC",
      "dependencies": {
        "string-width": "^2.1.1",
        "strip-ansi": "^4.0.0",
        "wrap-ansi": "^2.0.0"
      }
    },
    "node_modules/surya/node_modules/get-caller-file": {
      "version": "1.0.3",
      "license": "ISC"
    },
    "node_modules/surya/node_modules/is-fullwidth-code-point": {
      "version": "2.0.0",
      "license": "MIT",
      "engines": {
        "node": ">=4"
      }
    },
    "node_modules/surya/node_modules/string-width": {
      "version": "2.1.1",
      "license": "MIT",
      "dependencies": {
        "is-fullwidth-code-point": "^2.0.0",
        "strip-ansi": "^4.0.0"
      },
      "engines": {
        "node": ">=4"
      }
    },
    "node_modules/surya/node_modules/strip-ansi": {
      "version": "4.0.0",
      "license": "MIT",
      "dependencies": {
        "ansi-regex": "^3.0.0"
      },
      "engines": {
        "node": ">=4"
      }
    },
    "node_modules/surya/node_modules/wrap-ansi": {
      "version": "2.1.0",
      "license": "MIT",
      "dependencies": {
        "string-width": "^1.0.1",
        "strip-ansi": "^3.0.1"
      },
      "engines": {
        "node": ">=0.10.0"
      }
    },
    "node_modules/surya/node_modules/wrap-ansi/node_modules/ansi-regex": {
      "version": "2.1.1",
      "license": "MIT",
      "engines": {
        "node": ">=0.10.0"
      }
    },
    "node_modules/surya/node_modules/wrap-ansi/node_modules/is-fullwidth-code-point": {
      "version": "1.0.0",
      "license": "MIT",
      "dependencies": {
        "number-is-nan": "^1.0.0"
      },
      "engines": {
        "node": ">=0.10.0"
      }
    },
    "node_modules/surya/node_modules/wrap-ansi/node_modules/string-width": {
      "version": "1.0.2",
      "license": "MIT",
      "dependencies": {
        "code-point-at": "^1.0.0",
        "is-fullwidth-code-point": "^1.0.0",
        "strip-ansi": "^3.0.0"
      },
      "engines": {
        "node": ">=0.10.0"
      }
    },
    "node_modules/surya/node_modules/wrap-ansi/node_modules/strip-ansi": {
      "version": "3.0.1",
      "license": "MIT",
      "dependencies": {
        "ansi-regex": "^2.0.0"
      },
      "engines": {
        "node": ">=0.10.0"
      }
    },
    "node_modules/surya/node_modules/y18n": {
      "version": "3.2.2",
      "license": "ISC"
    },
    "node_modules/surya/node_modules/yargs": {
      "version": "11.1.1",
      "license": "MIT",
      "dependencies": {
        "cliui": "^4.0.0",
        "decamelize": "^1.1.1",
        "find-up": "^2.1.0",
        "get-caller-file": "^1.0.1",
        "os-locale": "^3.1.0",
        "require-directory": "^2.1.1",
        "require-main-filename": "^1.0.1",
        "set-blocking": "^2.0.0",
        "string-width": "^2.0.0",
        "which-module": "^2.0.0",
        "y18n": "^3.2.1",
        "yargs-parser": "^9.0.2"
      }
    },
    "node_modules/surya/node_modules/yargs-parser": {
      "version": "9.0.2",
      "license": "ISC",
      "dependencies": {
        "camelcase": "^4.1.0"
      }
    },
    "node_modules/temp": {
      "version": "0.4.0",
      "engines": [
        "node >=0.4.0"
      ]
    },
    "node_modules/treeify": {
      "version": "1.1.0",
      "license": "MIT",
      "engines": {
        "node": ">=0.6"
      }
    },
    "node_modules/util-deprecate": {
      "version": "1.0.2",
      "resolved": "https://registry.npmjs.org/util-deprecate/-/util-deprecate-1.0.2.tgz",
      "integrity": "sha512-EPD5q1uXyFxJpCrLnCc1nHnq3gOa6DZBocAIiI2TaSCA7VCJ1UJDMagCzIkXNsUYfD1daK//LTEQ8xiIbrHtcw=="
    },
    "node_modules/which": {
      "version": "1.3.1",
      "license": "ISC",
      "dependencies": {
        "isexe": "^2.0.0"
      },
      "bin": {
        "which": "bin/which"
      }
    },
    "node_modules/which-module": {
      "version": "2.0.0",
      "license": "ISC"
    },
    "node_modules/wrap-ansi": {
      "version": "7.0.0",
      "resolved": "https://registry.npmjs.org/wrap-ansi/-/wrap-ansi-7.0.0.tgz",
      "integrity": "sha512-YVGIj2kamLSTxw6NsZjoBxfSwsn0ycdesmc4p+Q21c5zPuZ1pl+NfxVdxPtdHvmNVOQ6XSYG4AUtyt/Fi7D16Q==",
      "dependencies": {
        "ansi-styles": "^4.0.0",
        "string-width": "^4.1.0",
        "strip-ansi": "^6.0.0"
      },
      "engines": {
        "node": ">=10"
      },
      "funding": {
        "url": "https://github.com/chalk/wrap-ansi?sponsor=1"
      }
    },
    "node_modules/wrappy": {
      "version": "1.0.2",
      "license": "ISC"
    },
    "node_modules/y18n": {
      "version": "5.0.8",
      "resolved": "https://registry.npmjs.org/y18n/-/y18n-5.0.8.tgz",
      "integrity": "sha512-0pfFzegeDWJHJIAmTLRP2DwHjdF5s7jo9tuztdQxAhINCdvS+3nGINqPd00AphqJR/0LhANUS6/+7SCb98YOfA==",
      "engines": {
        "node": ">=10"
      }
    },
    "node_modules/yargs": {
      "version": "17.7.2",
      "resolved": "https://registry.npmjs.org/yargs/-/yargs-17.7.2.tgz",
      "integrity": "sha512-7dSzzRQ++CKnNI/krKnYRV7JKKPUXMEh61soaHKg9mrWEhzFWhFnxPxGl+69cD1Ou63C13NUPCnmIcrvqCuM6w==",
      "dependencies": {
        "cliui": "^8.0.1",
        "escalade": "^3.1.1",
        "get-caller-file": "^2.0.5",
        "require-directory": "^2.1.1",
        "string-width": "^4.2.3",
        "y18n": "^5.0.5",
        "yargs-parser": "^21.1.1"
      },
      "engines": {
        "node": ">=12"
      }
    },
    "node_modules/yargs-parser": {
      "version": "21.1.1",
      "resolved": "https://registry.npmjs.org/yargs-parser/-/yargs-parser-21.1.1.tgz",
      "integrity": "sha512-tVpsJW7DdjecAiFpbIB1e3qxIQsE6NoPc5/eTdrbbIC4h0LVsWhnoa3g+m2HclBIujHzsxZ4VJVA+GUuc2/LBw==",
      "engines": {
        "node": ">=12"
      }
    }
  },
  "dependencies": {
    "@solidity-parser/parser": {
      "version": "0.14.3",
      "requires": {
        "antlr4ts": "^0.5.0-alpha.4"
      }
    },
    "ansi-regex": {
      "version": "5.0.1",
      "resolved": "https://registry.npmjs.org/ansi-regex/-/ansi-regex-5.0.1.tgz",
      "integrity": "sha512-quJQXlTSUGL2LH9SUXo8VwsY4soanhgo6LNSm84E1LBcE8s3O0wpdiRzyR9z/ZZJMlMWv37qOOb9pdJlMUEKFQ=="
    },
    "ansi-styles": {
      "version": "4.3.0",
      "resolved": "https://registry.npmjs.org/ansi-styles/-/ansi-styles-4.3.0.tgz",
      "integrity": "sha512-zbB9rCJAT1rbjiVDb2hqKFHNYLxgtk8NURxZ3IZwD3F6NtxbXZQCnnSi1Lkx+IDohdPlFp222wVALIheZJQSEg==",
      "requires": {
        "color-convert": "^2.0.1"
      }
    },
    "antlr4ts": {
      "version": "0.5.0-alpha.4"
    },
    "c3-linearization": {
      "version": "0.3.0"
    },
    "camelcase": {
      "version": "4.1.0"
    },
    "cliui": {
      "version": "8.0.1",
      "resolved": "https://registry.npmjs.org/cliui/-/cliui-8.0.1.tgz",
      "integrity": "sha512-BSeNnyus75C4//NQ9gQt1/csTXyo/8Sb+afLAkzAptFuMsod9HFokGNudZpi/oQV73hnVK+sR+5PVRMd+Dr7YQ==",
      "requires": {
        "string-width": "^4.2.0",
        "strip-ansi": "^6.0.1",
        "wrap-ansi": "^7.0.0"
      }
    },
    "code-point-at": {
      "version": "1.1.0"
    },
    "color-convert": {
      "version": "2.0.1",
      "resolved": "https://registry.npmjs.org/color-convert/-/color-convert-2.0.1.tgz",
      "integrity": "sha512-RRECPsj7iu/xb5oKYcsFHSppFNnsj/52OVTRKb4zP5onXwVF3zVmmToNcOfGC+CRDpfK/U584fMg38ZHCaElKQ==",
      "requires": {
        "color-name": "~1.1.4"
      }
    },
    "color-name": {
      "version": "1.1.4",
      "resolved": "https://registry.npmjs.org/color-name/-/color-name-1.1.4.tgz",
      "integrity": "sha512-dOy+3AuW3a2wNbZHIuMZpTcgjGuLU/uBL/ubcZF9OXbDo8ff4O8yVp5Bf0efS8uEoYo5q4Fx7dY9OgQGXgAsQA=="
    },
    "colors": {
      "version": "1.4.0"
    },
    "cross-spawn": {
      "version": "6.0.5",
      "requires": {
        "nice-try": "^1.0.4",
        "path-key": "^2.0.1",
        "semver": "^5.5.0",
        "shebang-command": "^1.2.0",
        "which": "^1.2.9"
      }
    },
    "decamelize": {
      "version": "1.2.0"
    },
    "emoji-regex": {
      "version": "8.0.0",
      "resolved": "https://registry.npmjs.org/emoji-regex/-/emoji-regex-8.0.0.tgz",
      "integrity": "sha512-MSjYzcWNOA0ewAHpz0MxpYFvwg6yjy1NG3xteoqz644VCo/RPgnr1/GGt+ic3iJTzQ8Eu3TdM14SawnVUmGE6A=="
    },
    "end-of-stream": {
      "version": "1.4.4",
      "requires": {
        "once": "^1.4.0"
      }
    },
    "escalade": {
      "version": "3.1.1",
      "resolved": "https://registry.npmjs.org/escalade/-/escalade-3.1.1.tgz",
      "integrity": "sha512-k0er2gUkLf8O0zKJiAhmkTnJlTvINGv7ygDNPbeIsX/TJjGJZHuh9B2UxbsaEkmlEo9MfhrSzmhIlhRlI2GXnw=="
    },
    "execa": {
      "version": "1.0.0",
      "requires": {
        "cross-spawn": "^6.0.0",
        "get-stream": "^4.0.0",
        "is-stream": "^1.1.0",
        "npm-run-path": "^2.0.0",
        "p-finally": "^1.0.0",
        "signal-exit": "^3.0.0",
        "strip-eof": "^1.0.0"
      }
    },
    "find-up": {
      "version": "2.1.0",
      "requires": {
        "locate-path": "^2.0.0"
      }
    },
    "get-caller-file": {
      "version": "2.0.5",
      "resolved": "https://registry.npmjs.org/get-caller-file/-/get-caller-file-2.0.5.tgz",
      "integrity": "sha512-DyFP3BM/3YHTQOCUL/w0OZHR0lpKeGrxotcHWcqNEdnltqFwXVfhEBQ94eIo34AfQpo0rGki4cyIiftY06h2Fg=="
    },
    "get-stream": {
      "version": "4.1.0",
      "requires": {
        "pump": "^3.0.0"
      }
    },
    "graphviz": {
      "version": "0.0.9",
      "requires": {
        "temp": "~0.4.0"
      }
    },
    "inherits": {
      "version": "2.0.4",
      "resolved": "https://registry.npmjs.org/inherits/-/inherits-2.0.4.tgz",
      "integrity": "sha512-k/vGaX4/Yla3WzyMCvTQOXYeIHvqOKtnqBduzTHpzpQZzAskKMhZ2K+EnBiSM9zGSoIFeMpXKxa4dYeZIQqewQ=="
    },
    "invert-kv": {
      "version": "2.0.0"
    },
    "is-fullwidth-code-point": {
      "version": "3.0.0",
      "resolved": "https://registry.npmjs.org/is-fullwidth-code-point/-/is-fullwidth-code-point-3.0.0.tgz",
      "integrity": "sha512-zymm5+u+sCsSWyD9qNaejV3DFvhCKclKdizYaJUuHA83RLjb7nSuGnddCHGv0hk+KY7BMAlsWeK4Ueg6EV6XQg=="
    },
    "is-stream": {
      "version": "1.1.0"
    },
    "isexe": {
      "version": "2.0.0"
    },
    "keccak": {
      "version": "3.0.4",
      "resolved": "https://registry.npmjs.org/keccak/-/keccak-3.0.4.tgz",
      "integrity": "sha512-3vKuW0jV8J3XNTzvfyicFR5qvxrSAGl7KIhvgOu5cmWwM7tZRj3fMbj/pfIf4be7aznbc+prBWGjywox/g2Y6Q==",
      "requires": {
        "node-addon-api": "^2.0.0",
        "node-gyp-build": "^4.2.0",
        "readable-stream": "^3.6.0"
      }
    },
    "lcid": {
      "version": "2.0.0",
      "requires": {
        "invert-kv": "^2.0.0"
      }
    },
    "locate-path": {
      "version": "2.0.0",
      "requires": {
        "p-locate": "^2.0.0",
        "path-exists": "^3.0.0"
      }
    },
    "map-age-cleaner": {
      "version": "0.1.3",
      "requires": {
        "p-defer": "^1.0.0"
      }
    },
    "mem": {
      "version": "4.3.0",
      "requires": {
        "map-age-cleaner": "^0.1.1",
        "mimic-fn": "^2.0.0",
        "p-is-promise": "^2.0.0"
      }
    },
    "mimic-fn": {
      "version": "2.1.0"
    },
    "nice-try": {
      "version": "1.0.5"
    },
    "node-addon-api": {
      "version": "2.0.2",
      "resolved": "https://registry.npmjs.org/node-addon-api/-/node-addon-api-2.0.2.tgz",
      "integrity": "sha512-Ntyt4AIXyaLIuMHF6IOoTakB3K+RWxwtsHNRxllEoA6vPwP9o4866g6YWDLUdnucilZhmkxiHwHr11gAENw+QA=="
    },
    "node-gyp-build": {
      "version": "4.6.1",
      "resolved": "https://registry.npmjs.org/node-gyp-build/-/node-gyp-build-4.6.1.tgz",
      "integrity": "sha512-24vnklJmyRS8ViBNI8KbtK/r/DmXQMRiOMXTNz2nrTnAYUwjmEEbnnpB/+kt+yWRv73bPsSPRFddrcIbAxSiMQ=="
    },
    "npm-run-path": {
      "version": "2.0.2",
      "requires": {
        "path-key": "^2.0.0"
      }
    },
    "number-is-nan": {
      "version": "1.0.1"
    },
    "once": {
      "version": "1.4.0",
      "requires": {
        "wrappy": "1"
      }
    },
    "os-locale": {
      "version": "3.1.0",
      "requires": {
        "execa": "^1.0.0",
        "lcid": "^2.0.0",
        "mem": "^4.0.0"
      }
    },
    "p-defer": {
      "version": "1.0.0"
    },
    "p-finally": {
      "version": "1.0.0"
    },
    "p-is-promise": {
      "version": "2.1.0"
    },
    "p-limit": {
      "version": "1.3.0",
      "requires": {
        "p-try": "^1.0.0"
      }
    },
    "p-locate": {
      "version": "2.0.0",
      "requires": {
        "p-limit": "^1.1.0"
      }
    },
    "p-try": {
      "version": "1.0.0"
    },
    "path-exists": {
      "version": "3.0.0"
    },
    "path-key": {
      "version": "2.0.1"
    },
    "prettier": {
      "version": "3.0.3",
      "resolved": "https://registry.npmjs.org/prettier/-/prettier-3.0.3.tgz",
      "integrity": "sha512-L/4pUDMxcNa8R/EthV08Zt42WBO4h1rarVtK0K+QJG0X187OLo7l699jWw0GKuwzkPQ//jMFA/8Xm6Fh3J/DAg==",
      "dev": true
    },
    "pump": {
      "version": "3.0.0",
      "requires": {
        "end-of-stream": "^1.1.0",
        "once": "^1.3.1"
      }
    },
    "readable-stream": {
      "version": "3.6.2",
      "resolved": "https://registry.npmjs.org/readable-stream/-/readable-stream-3.6.2.tgz",
      "integrity": "sha512-9u/sniCrY3D5WdsERHzHE4G2YCXqoG5FTHUiCC4SIbr6XcLZBY05ya9EKjYek9O5xOAwjGq+1JdGBAS7Q9ScoA==",
      "requires": {
        "inherits": "^2.0.3",
        "string_decoder": "^1.1.1",
        "util-deprecate": "^1.0.1"
      }
    },
    "require-directory": {
      "version": "2.1.1"
    },
    "require-main-filename": {
      "version": "1.0.1"
    },
    "safe-buffer": {
      "version": "5.2.1",
      "resolved": "https://registry.npmjs.org/safe-buffer/-/safe-buffer-5.2.1.tgz",
      "integrity": "sha512-rp3So07KcdmmKbGvgaNxQSJr7bGVSVk5S9Eq1F+ppbRo70+YeaDxkw5Dd8NPN+GD6bjnYm2VuPuCXmpuYvmCXQ=="
    },
    "semver": {
      "version": "5.7.1"
    },
    "set-blocking": {
      "version": "2.0.0"
    },
    "sha1-file": {
      "version": "1.0.4"
    },
    "shebang-command": {
      "version": "1.2.0",
      "requires": {
        "shebang-regex": "^1.0.0"
      }
    },
    "shebang-regex": {
      "version": "1.0.0"
    },
    "signal-exit": {
      "version": "3.0.7"
    },
    "solidity-workspace": {
      "version": "0.2.1",
      "resolved": "https://registry.npmjs.org/solidity-workspace/-/solidity-workspace-0.2.1.tgz",
      "integrity": "sha512-SyyrdRAcfbSNvNu9Ge8LTTuzIoIvXRELGEssiACzEV97WKY6CaFR1jB/VUa+gDj53tYQOg4+Zdy2WoV7ozEtSA==",
      "requires": {
        "@solidity-parser/parser": "^0.16.1",
        "c3-linearization": "^0.3.0",
        "keccak": "^3.0.2",
        "yargs": "^17.5.1"
      },
      "dependencies": {
        "@solidity-parser/parser": {
          "version": "0.16.1",
          "resolved": "https://registry.npmjs.org/@solidity-parser/parser/-/parser-0.16.1.tgz",
          "integrity": "sha512-PdhRFNhbTtu3x8Axm0uYpqOy/lODYQK+MlYSgqIsq2L8SFYEHJPHNUiOTAJbDGzNjjr1/n9AcIayxafR/fWmYw==",
          "requires": {
            "antlr4ts": "^0.5.0-alpha.4"
          }
        }
      }
    },
    "string_decoder": {
      "version": "1.3.0",
      "resolved": "https://registry.npmjs.org/string_decoder/-/string_decoder-1.3.0.tgz",
      "integrity": "sha512-hkRX8U1WjJFd8LsDJ2yQ/wWWxaopEsABU1XfkM8A+j0+85JAGppt16cr1Whg6KIbb4okU6Mql6BOj+uup/wKeA==",
      "requires": {
        "safe-buffer": "~5.2.0"
      }
    },
    "string-width": {
      "version": "4.2.3",
      "resolved": "https://registry.npmjs.org/string-width/-/string-width-4.2.3.tgz",
      "integrity": "sha512-wKyQRQpjJ0sIp62ErSZdGsjMJWsap5oRNihHhu6G7JVO/9jIB6UyevL+tXuOqrng8j/cxKTWyWUwvSTriiZz/g==",
      "requires": {
        "emoji-regex": "^8.0.0",
        "is-fullwidth-code-point": "^3.0.0",
        "strip-ansi": "^6.0.1"
      }
    },
    "strip-ansi": {
      "version": "6.0.1",
      "resolved": "https://registry.npmjs.org/strip-ansi/-/strip-ansi-6.0.1.tgz",
      "integrity": "sha512-Y38VPSHcqkFrCpFnQ9vuSXmquuv5oXOKpGeT6aGrr3o3Gc9AlVa6JBfUSOCnbxGGZF+/0ooI7KrPuUSztUdU5A==",
      "requires": {
        "ansi-regex": "^5.0.1"
      }
    },
    "strip-eof": {
      "version": "1.0.0"
    },
    "surya": {
      "version": "0.4.6",
      "requires": {
        "@solidity-parser/parser": "^0.14.1",
        "c3-linearization": "^0.3.0",
        "colors": "^1.4.0",
        "graphviz": "0.0.9",
        "sha1-file": "^1.0.4",
        "treeify": "^1.1.0",
        "yargs": "^11.1.1"
      },
      "dependencies": {
        "ansi-regex": {
          "version": "3.0.1"
        },
        "cliui": {
          "version": "4.1.0",
          "requires": {
            "string-width": "^2.1.1",
            "strip-ansi": "^4.0.0",
            "wrap-ansi": "^2.0.0"
          }
        },
        "get-caller-file": {
          "version": "1.0.3"
        },
        "is-fullwidth-code-point": {
          "version": "2.0.0"
        },
        "string-width": {
          "version": "2.1.1",
          "requires": {
            "is-fullwidth-code-point": "^2.0.0",
            "strip-ansi": "^4.0.0"
          }
        },
        "strip-ansi": {
          "version": "4.0.0",
          "requires": {
            "ansi-regex": "^3.0.0"
          }
        },
        "wrap-ansi": {
          "version": "2.1.0",
          "requires": {
            "string-width": "^1.0.1",
            "strip-ansi": "^3.0.1"
          },
          "dependencies": {
            "ansi-regex": {
              "version": "2.1.1"
            },
            "is-fullwidth-code-point": {
              "version": "1.0.0",
              "requires": {
                "number-is-nan": "^1.0.0"
              }
            },
            "string-width": {
              "version": "1.0.2",
              "requires": {
                "code-point-at": "^1.0.0",
                "is-fullwidth-code-point": "^1.0.0",
                "strip-ansi": "^3.0.0"
              }
            },
            "strip-ansi": {
              "version": "3.0.1",
              "requires": {
                "ansi-regex": "^2.0.0"
              }
            }
          }
        },
        "y18n": {
          "version": "3.2.2"
        },
        "yargs": {
          "version": "11.1.1",
          "requires": {
            "cliui": "^4.0.0",
            "decamelize": "^1.1.1",
            "find-up": "^2.1.0",
            "get-caller-file": "^1.0.1",
            "os-locale": "^3.1.0",
            "require-directory": "^2.1.1",
            "require-main-filename": "^1.0.1",
            "set-blocking": "^2.0.0",
            "string-width": "^2.0.0",
            "which-module": "^2.0.0",
            "y18n": "^3.2.1",
            "yargs-parser": "^9.0.2"
          }
        },
        "yargs-parser": {
          "version": "9.0.2",
          "requires": {
            "camelcase": "^4.1.0"
          }
        }
      }
    },
    "temp": {
      "version": "0.4.0"
    },
    "treeify": {
      "version": "1.1.0"
    },
    "util-deprecate": {
      "version": "1.0.2",
      "resolved": "https://registry.npmjs.org/util-deprecate/-/util-deprecate-1.0.2.tgz",
      "integrity": "sha512-EPD5q1uXyFxJpCrLnCc1nHnq3gOa6DZBocAIiI2TaSCA7VCJ1UJDMagCzIkXNsUYfD1daK//LTEQ8xiIbrHtcw=="
    },
    "which": {
      "version": "1.3.1",
      "requires": {
        "isexe": "^2.0.0"
      }
    },
    "which-module": {
      "version": "2.0.0"
    },
    "wrap-ansi": {
      "version": "7.0.0",
      "resolved": "https://registry.npmjs.org/wrap-ansi/-/wrap-ansi-7.0.0.tgz",
      "integrity": "sha512-YVGIj2kamLSTxw6NsZjoBxfSwsn0ycdesmc4p+Q21c5zPuZ1pl+NfxVdxPtdHvmNVOQ6XSYG4AUtyt/Fi7D16Q==",
      "requires": {
        "ansi-styles": "^4.0.0",
        "string-width": "^4.1.0",
        "strip-ansi": "^6.0.0"
      }
    },
    "wrappy": {
      "version": "1.0.2"
    },
    "y18n": {
      "version": "5.0.8",
      "resolved": "https://registry.npmjs.org/y18n/-/y18n-5.0.8.tgz",
      "integrity": "sha512-0pfFzegeDWJHJIAmTLRP2DwHjdF5s7jo9tuztdQxAhINCdvS+3nGINqPd00AphqJR/0LhANUS6/+7SCb98YOfA=="
    },
    "yargs": {
      "version": "17.7.2",
      "resolved": "https://registry.npmjs.org/yargs/-/yargs-17.7.2.tgz",
      "integrity": "sha512-7dSzzRQ++CKnNI/krKnYRV7JKKPUXMEh61soaHKg9mrWEhzFWhFnxPxGl+69cD1Ou63C13NUPCnmIcrvqCuM6w==",
      "requires": {
        "cliui": "^8.0.1",
        "escalade": "^3.1.1",
        "get-caller-file": "^2.0.5",
        "require-directory": "^2.1.1",
        "string-width": "^4.2.3",
        "y18n": "^5.0.5",
        "yargs-parser": "^21.1.1"
      }
    },
    "yargs-parser": {
      "version": "21.1.1",
      "resolved": "https://registry.npmjs.org/yargs-parser/-/yargs-parser-21.1.1.tgz",
      "integrity": "sha512-tVpsJW7DdjecAiFpbIB1e3qxIQsE6NoPc5/eTdrbbIC4h0LVsWhnoa3g+m2HclBIujHzsxZ4VJVA+GUuc2/LBw=="
    }
  }
}
